Microsoft Visual Studio Solution File, Format Version 11.00
# Visual Studio 2010
Project("{E24C65DC-7377-472B-9ABA-BC803B73C61A}") = "ClientCode\", "ClientCode\", "{297E1151-552F-484D-9F82-05EE1F5664DD}"
	ProjectSection(WebsiteProperties) = preProject
		Debug.AspNetCompiler.VirtualPath = "ClientCode"
		Debug.AspNetCompiler.PhysicalPath = "ClientCode\"
		Debug.AspNetCompiler.TargetPath = "PrecompiledWeb\ClientCode\"
		Debug.AspNetCompiler.Updateable = "true"
		Debug.AspNetCompiler.ForceOverwrite = "true"
		Debug.AspNetCompiler.FixedNames = "false"
		Debug.AspNetCompiler.Debug = "True"
		Release.AspNetCompiler.VirtualPath = "/ClientCode"
		Release.AspNetCompiler.PhysicalPath = "ClientCode\"
		Release.AspNetCompiler.TargetPath = "PrecompiledWeb\ClientCode\"
		Release.AspNetCompiler.Updateable = "true"
		Release.AspNetCompiler.ForceOverwrite = "true"
		Release.AspNetCompiler.FixedNames = "false"
		Release.AspNetCompiler.Debug = "False"
		VWDPort = "58261"
	TargetFrameworkMoniker = ".NETFramework,Version%3Dv4.0"
EndProjectSection
EndProject
Global
	GlobalSection(SolutionConfigurationPlatforms) = preSolution
		Debug|.NET = Debug|.NET
	EndGlobalSection
	GlobalSection(ProjectConfigurationPlatforms) = postSolution
		{297E1151-552F-484D-9F82-05EE1F5664DD}.Debug|.NET.ActiveCfg = Debug|.NET
		{297E1151-552F-484D-9F82-05EE1F5664DD}.Debug|.NET.Build.0 = Debug|.NET
	EndGlobalSection
	GlobalSection(SolutionProperties) = preSolution
		HideSolutionNode = FALSE
	EndGlobalSection
EndGlobal
